
Microsoft Visual Studio Solution File, Format Version 12.00
# Visual Studio 15
VisualStudioVersion = 15.0.28307.902
MinimumVisualStudioVersion = 10.0.40219.1
Project("{FAE04EC0-301F-11D3-BF4B-00C04F79EFBC}") = "Desafio.Android", "Desafio\Desafio.Android\Desafio.Android.csproj", "{BB5E21EB-C6A5-4617-B8DA-8637544B3677}"
EndProject
Project("{FAE04EC0-301F-11D3-BF4B-00C04F79EFBC}") = "Desafio.iOS", "Desafio\Desafio.iOS\Desafio.iOS.csproj", "{811D3CC0-448D-494A-9ABE-444E22ECD24E}"
EndProject
Project("{FAE04EC0-301F-11D3-BF4B-00C04F79EFBC}") = "Desafio.UWP", "Desafio\Desafio.UWP\Desafio.UWP.csproj", "{328CBC9B-1B83-4B98-B3D4-08322F3DAA7C}"
EndProject
Project("{FAE04EC0-301F-11D3-BF4B-00C04F79EFBC}") = "Desafio", "Desafio\Desafio\Desafio.csproj", "{D358027C-9C76-4CAD-91BF-5EFEAF1F71CF}"
EndProject
Global
	GlobalSection(SolutionConfigurationPlatforms) = preSolution
		Ad-Hoc|Any CPU = Ad-Hoc|Any CPU
		Ad-Hoc|ARM = Ad-Hoc|ARM
		Ad-Hoc|iPhone = Ad-Hoc|iPhone
		Ad-Hoc|iPhoneSimulator = Ad-Hoc|iPhoneSimulator
		Ad-Hoc|x64 = Ad-Hoc|x64
		Ad-Hoc|x86 = Ad-Hoc|x86
		AppStore|Any CPU = AppStore|Any CPU
		AppStore|ARM = AppStore|ARM
		AppStore|iPhone = AppStore|iPhone
		AppStore|iPhoneSimulator = AppStore|iPhoneSimulator
		AppStore|x64 = AppStore|x64
		AppStore|x86 = AppStore|x86
		Debug|Any CPU = Debug|Any CPU
		Debug|ARM = Debug|ARM
		Debug|iPhone = Debug|iPhone
		Debug|iPhoneSimulator = Debug|iPhoneSimulator
		Debug|x64 = Debug|x64
		Debug|x86 = Debug|x86
		Release|Any CPU = Release|Any CPU
		Release|ARM = Release|ARM
		Release|iPhone = Release|iPhone
		Release|iPhoneSimulator = Release|iPhoneSimulator
		Release|x64 = Release|x64
		Release|x86 = Release|x86
	EndGlobalSection
	GlobalSection(ProjectConfigurationPlatforms) = postSolution
		{BB5E21EB-C6A5-4617-B8DA-8637544B3677}.Ad-Hoc|Any CPU.ActiveCfg = Release|Any CPU
		{BB5E21EB-C6A5-4617-B8DA-8637544B3677}.Ad-Hoc|Any CPU.Build.0 = Release|Any CPU
		{BB5E21EB-C6A5-4617-B8DA-8637544B3677}.Ad-Hoc|Any CPU.Deploy.0 = Release|Any CPU
		{BB5E21EB-C6A5-4617-B8DA-8637544B3677}.Ad-Hoc|ARM.ActiveCfg = Release|Any CPU
		{BB5E21EB-C6A5-4617-B8DA-8637544B3677}.Ad-Hoc|ARM.Build.0 = Release|Any CPU
		{BB5E21EB-C6A5-4617-B8DA-8637544B3677}.Ad-Hoc|ARM.Deploy.0 = Release|Any CPU
		{BB5E21EB-C6A5-4617-B8DA-8637544B3677}.Ad-Hoc|iPhone.ActiveCfg = Release|Any CPU
		{BB5E21EB-C6A5-4617-B8DA-8637544B3677}.Ad-Hoc|iPhone.Build.0 = Release|Any CPU
		{BB5E21EB-C6A5-4617-B8DA-8637544B3677}.Ad-Hoc|iPhone.Deploy.0 = Release|Any CPU
		{BB5E21EB-C6A5-4617-B8DA-8637544B3677}.Ad-Hoc|iPhoneSimulator.ActiveCfg = Release|Any CPU
		{BB5E21EB-C6A5-4617-B8DA-8637544B3677}.Ad-Hoc|iPhoneSimulator.Build.0 = Release|Any CPU
		{BB5E21EB-C6A5-4617-B8DA-8637544B3677}.Ad-Hoc|iPhoneSimulator.Deploy.0 = Release|Any CPU
		{BB5E21EB-C6A5-4617-B8DA-8637544B3677}.Ad-Hoc|x64.ActiveCfg = Release|Any CPU
		{BB5E21EB-C6A5-4617-B8DA-8637544B3677}.Ad-Hoc|x64.Build.0 = Release|Any CPU
		{BB5E21EB-C6A5-4617-B8DA-8637544B3677}.Ad-Hoc|x64.Deploy.0 = Release|Any CPU
		{BB5E21EB-C6A5-4617-B8DA-8637544B3677}.Ad-Hoc|x86.ActiveCfg = Release|Any CPU
		{BB5E21EB-C6A5-4617-B8DA-8637544B3677}.Ad-Hoc|x86.Build.0 = Release|Any CPU
		{BB5E21EB-C6A5-4617-B8DA-8637544B3677}.Ad-Hoc|x86.Deploy.0 = Release|Any CPU
		{BB5E21EB-C6A5-4617-B8DA-8637544B3677}.AppStore|Any CPU.ActiveCfg = Release|Any CPU
		{BB5E21EB-C6A5-4617-B8DA-8637544B3677}.AppStore|Any CPU.Build.0 = Release|Any CPU
		{BB5E21EB-C6A5-4617-B8DA-8637544B3677}.AppStore|Any CPU.Deploy.0 = Release|Any CPU
		{BB5E21EB-C6A5-4617-B8DA-8637544B3677}.AppStore|ARM.ActiveCfg = Release|Any CPU
		{BB5E21EB-C6A5-4617-B8DA-8637544B3677}.AppStore|ARM.Build.0 = Release|Any CPU
		{BB5E21EB-C6A5-4617-B8DA-8637544B3677}.AppStore|ARM.Deploy.0 = Release|Any CPU
		{BB5E21EB-C6A5-4617-B8DA-8637544B3677}.AppStore|iPhone.ActiveCfg = Release|Any CPU
		{BB5E21EB-C6A5-4617-B8DA-8637544B3677}.AppStore|iPhone.Build.0 = Release|Any CPU
		{BB5E21EB-C6A5-4617-B8DA-8637544B3677}.AppStore|iPhone.Deploy.0 = Release|Any CPU
		{BB5E21EB-C6A5-4617-B8DA-8637544B3677}.AppStore|iPhoneSimulator.ActiveCfg = Release|Any CPU
		{BB5E21EB-C6A5-4617-B8DA-8637544B3677}.AppStore|iPhoneSimulator.Build.0 = Release|Any CPU
		{BB5E21EB-C6A5-4617-B8DA-8637544B3677}.AppStore|iPhoneSimulator.Deploy.0 = Release|Any CPU
		{BB5E21EB-C6A5-4617-B8DA-8637544B3677}.AppStore|x64.ActiveCfg = Release|Any CPU
		{BB5E21EB-C6A5-4617-B8DA-8637544B3677}.AppStore|x64.Build.0 = Release|Any CPU
		{BB5E21EB-C6A5-4617-B8DA-8637544B3677}.AppStore|x64.Deploy.0 = Release|Any CPU
		{BB5E21EB-C6A5-4617-B8DA-8637544B3677}.AppStore|x86.ActiveCfg = Release|Any CPU
		{BB5E21EB-C6A5-4617-B8DA-8637544B3677}.AppStore|x86.Build.0 = Release|Any CPU
		{BB5E21EB-C6A5-4617-B8DA-8637544B3677}.AppStore|x86.Deploy.0 = Release|Any CPU
		{BB5E21EB-C6A5-4617-B8DA-8637544B3677}.Debug|Any CPU.ActiveCfg = Debug|Any CPU
		{BB5E21EB-C6A5-4617-B8DA-8637544B3677}.Debug|Any CPU.Build.0 = Debug|Any CPU
		{BB5E21EB-C6A5-4617-B8DA-8637544B3677}.Debug|Any CPU.Deploy.0 = Debug|Any CPU
		{BB5E21EB-C6A5-4617-B8DA-8637544B3677}.Debug|ARM.ActiveCfg = Debug|Any CPU
		{BB5E21EB-C6A5-4617-B8DA-8637544B3677}.Debug|ARM.Build.0 = Debug|Any CPU
		{BB5E21EB-C6A5-4617-B8DA-8637544B3677}.Debug|ARM.Deploy.0 = Debug|Any CPU
		{BB5E21EB-C6A5-4617-B8DA-8637544B3677}.Debug|iPhone.ActiveCfg = Debug|Any CPU
		{BB5E21EB-C6A5-4617-B8DA-8637544B3677}.Debug|iPhone.Build.0 = Debug|Any CPU
		{BB5E21EB-C6A5-4617-B8DA-8637544B3677}.Debug|iPhone.Deploy.0 = Debug|Any CPU
		{BB5E21EB-C6A5-4617-B8DA-8637544B3677}.Debug|iPhoneSimulator.ActiveCfg = Debug|Any CPU
		{BB5E21EB-C6A5-4617-B8DA-8637544B3677}.Debug|iPhoneSimulator.Build.0 = Debug|Any CPU
		{BB5E21EB-C6A5-4617-B8DA-8637544B3677}.Debug|iPhoneSimulator.Deploy.0 = Debug|Any CPU
		{BB5E21EB-C6A5-4617-B8DA-8637544B3677}.Debug|x64.ActiveCfg = Debug|Any CPU
		{BB5E21EB-C6A5-4617-B8DA-8637544B3677}.Debug|x64.Build.0 = Debug|Any CPU
		{BB5E21EB-C6A5-4617-B8DA-8637544B3677}.Debug|x64.Deploy.0 = Debug|Any CPU
		{BB5E21EB-C6A5-4617-B8DA-8637544B3677}.Debug|x86.ActiveCfg = Debug|Any CPU
		{BB5E21EB-C6A5-4617-B8DA-8637544B3677}.Debug|x86.Build.0 = Debug|Any CPU
		{BB5E21EB-C6A5-4617-B8DA-8637544B3677}.Debug|x86.Deploy.0 = Debug|Any CPU
		{BB5E21EB-C6A5-4617-B8DA-8637544B3677}.Release|Any CPU.ActiveCfg = Release|Any CPU
		{BB5E21EB-C6A5-4617-B8DA-8637544B3677}.Release|Any CPU.Build.0 = Release|Any CPU
		{BB5E21EB-C6A5-4617-B8DA-8637544B3677}.Release|Any CPU.Deploy.0 = Release|Any CPU
		{BB5E21EB-C6A5-4617-B8DA-8637544B3677}.Release|ARM.ActiveCfg = Release|Any CPU
		{BB5E21EB-C6A5-4617-B8DA-8637544B3677}.Release|ARM.Build.0 = Release|Any CPU
		{BB5E21EB-C6A5-4617-B8DA-8637544B3677}.Release|ARM.Deploy.0 = Release|Any CPU
		{BB5E21EB-C6A5-4617-B8DA-8637544B3677}.Release|iPhone.ActiveCfg = Release|Any CPU
		{BB5E21EB-C6A5-4617-B8DA-8637544B3677}.Release|iPhone.Build.0 = Release|Any CPU
		{BB5E21EB-C6A5-4617-B8DA-8637544B3677}.Release|iPhone.Deploy.0 = Release|Any CPU
		{BB5E21EB-C6A5-4617-B8DA-8637544B3677}.Release|iPhoneSimulator.ActiveCfg = Release|Any CPU
		{BB5E21EB-C6A5-4617-B8DA-8637544B3677}.Release|iPhoneSimulator.Build.0 = Release|Any CPU
		{BB5E21EB-C6A5-4617-B8DA-8637544B3677}.Release|iPhoneSimulator.Deploy.0 = Release|Any CPU
		{BB5E21EB-C6A5-4617-B8DA-8637544B3677}.Release|x64.ActiveCfg = Release|Any CPU
		{BB5E21EB-C6A5-4617-B8DA-8637544B3677}.Release|x64.Build.0 = Release|Any CPU
		{BB5E21EB-C6A5-4617-B8DA-8637544B3677}.Release|x64.Deploy.0 = Release|Any CPU
		{BB5E21EB-C6A5-4617-B8DA-8637544B3677}.Release|x86.ActiveCfg = Release|Any CPU
		{BB5E21EB-C6A5-4617-B8DA-8637544B3677}.Release|x86.Build.0 = Release|Any CPU
		{BB5E21EB-C6A5-4617-B8DA-8637544B3677}.Release|x86.Deploy.0 = Release|Any CPU
		{811D3CC0-448D-494A-9ABE-444E22ECD24E}.Ad-Hoc|Any CPU.ActiveCfg = Ad-Hoc|iPhone
		{811D3CC0-448D-494A-9ABE-444E22ECD24E}.Ad-Hoc|Any CPU.Build.0 = Ad-Hoc|iPhone
		{811D3CC0-448D-494A-9ABE-444E22ECD24E}.Ad-Hoc|Any CPU.Deploy.0 = Ad-Hoc|iPhone
		{811D3CC0-448D-494A-9ABE-444E22ECD24E}.Ad-Hoc|ARM.ActiveCfg = Ad-Hoc|iPhone
		{811D3CC0-448D-494A-9ABE-444E22ECD24E}.Ad-Hoc|ARM.Build.0 = Ad-Hoc|iPhone
		{811D3CC0-448D-494A-9ABE-444E22ECD24E}.Ad-Hoc|ARM.Deploy.0 = Ad-Hoc|iPhone
		{811D3CC0-448D-494A-9ABE-444E22ECD24E}.Ad-Hoc|iPhone.ActiveCfg = Ad-Hoc|iPhone
		{811D3CC0-448D-494A-9ABE-444E22ECD24E}.Ad-Hoc|iPhone.Build.0 = Ad-Hoc|iPhone
		{811D3CC0-448D-494A-9ABE-444E22ECD24E}.Ad-Hoc|iPhone.Deploy.0 = Ad-Hoc|iPhone
		{811D3CC0-448D-494A-9ABE-444E22ECD24E}.Ad-Hoc|iPhoneSimulator.ActiveCfg = Ad-Hoc|iPhoneSimulator
		{811D3CC0-448D-494A-9ABE-444E22ECD24E}.Ad-Hoc|iPhoneSimulator.Build.0 = Ad-Hoc|iPhoneSimulator
		{811D3CC0-448D-494A-9ABE-444E22ECD24E}.Ad-Hoc|iPhoneSimulator.Deploy.0 = Ad-Hoc|iPhoneSimulator
		{811D3CC0-448D-494A-9ABE-444E22ECD24E}.Ad-Hoc|x64.ActiveCfg = Ad-Hoc|iPhone
		{811D3CC0-448D-494A-9ABE-444E22ECD24E}.Ad-Hoc|x64.Build.0 = Ad-Hoc|iPhone
		{811D3CC0-448D-494A-9ABE-444E22ECD24E}.Ad-Hoc|x64.Deploy.0 = Ad-Hoc|iPhone
		{811D3CC0-448D-494A-9ABE-444E22ECD24E}.Ad-Hoc|x86.ActiveCfg = Ad-Hoc|iPhone
		{811D3CC0-448D-494A-9ABE-444E22ECD24E}.Ad-Hoc|x86.Build.0 = Ad-Hoc|iPhone
		{811D3CC0-448D-494A-9ABE-444E22ECD24E}.Ad-Hoc|x86.Deploy.0 = Ad-Hoc|iPhone
		{811D3CC0-448D-494A-9ABE-444E22ECD24E}.AppStore|Any CPU.ActiveCfg = AppStore|iPhone
		{811D3CC0-448D-494A-9ABE-444E22ECD24E}.AppStore|Any CPU.Build.0 = AppStore|iPhone
		{811D3CC0-448D-494A-9ABE-444E22ECD24E}.AppStore|Any CPU.Deploy.0 = AppStore|iPhone
		{811D3CC0-448D-494A-9ABE-444E22ECD24E}.AppStore|ARM.ActiveCfg = AppStore|iPhone
		{811D3CC0-448D-494A-9ABE-444E22ECD24E}.AppStore|ARM.Build.0 = AppStore|iPhone
		{811D3CC0-448D-494A-9ABE-444E22ECD24E}.AppStore|ARM.Deploy.0 = AppStore|iPhone
		{811D3CC0-448D-494A-9ABE-444E22ECD24E}.AppStore|iPhone.ActiveCfg = AppStore|iPhone
		{811D3CC0-448D-494A-9ABE-444E22ECD24E}.AppStore|iPhone.Build.0 = AppStore|iPhone
		{811D3CC0-448D-494A-9ABE-444E22ECD24E}.AppStore|iPhone.Deploy.0 = AppStore|iPhone
		{811D3CC0-448D-494A-9ABE-444E22ECD24E}.AppStore|iPhoneSimulator.ActiveCfg = AppStore|iPhoneSimulator
		{811D3CC0-448D-494A-9ABE-444E22ECD24E}.AppStore|iPhoneSimulator.Build.0 = AppStore|iPhoneSimulator
		{811D3CC0-448D-494A-9ABE-444E22ECD24E}.AppStore|iPhoneSimulator.Deploy.0 = AppStore|iPhoneSimulator
		{811D3CC0-448D-494A-9ABE-444E22ECD24E}.AppStore|x64.ActiveCfg = AppStore|iPhone
		{811D3CC0-448D-494A-9ABE-444E22ECD24E}.AppStore|x64.Build.0 = AppStore|iPhone
		{811D3CC0-448D-494A-9ABE-444E22ECD24E}.AppStore|x64.Deploy.0 = AppStore|iPhone
		{811D3CC0-448D-494A-9ABE-444E22ECD24E}.AppStore|x86.ActiveCfg = AppStore|iPhone
		{811D3CC0-448D-494A-9ABE-444E22ECD24E}.AppStore|x86.Build.0 = AppStore|iPhone
		{811D3CC0-448D-494A-9ABE-444E22ECD24E}.AppStore|x86.Deploy.0 = AppStore|iPhone
		{811D3CC0-448D-494A-9ABE-444E22ECD24E}.Debug|Any CPU.ActiveCfg = Debug|iPhoneSimulator
		{811D3CC0-448D-494A-9ABE-444E22ECD24E}.Debug|Any CPU.Build.0 = Debug|iPhoneSimulator
		{811D3CC0-448D-494A-9ABE-444E22ECD24E}.Debug|Any CPU.Deploy.0 = Debug|iPhoneSimulator
		{811D3CC0-448D-494A-9ABE-444E22ECD24E}.Debug|ARM.ActiveCfg = Debug|iPhone
		{811D3CC0-448D-494A-9ABE-444E22ECD24E}.Debug|ARM.Build.0 = Debug|iPhone
		{811D3CC0-448D-494A-9ABE-444E22ECD24E}.Debug|ARM.Deploy.0 = Debug|iPhone
		{811D3CC0-448D-494A-9ABE-444E22ECD24E}.Debug|iPhone.ActiveCfg = Debug|iPhone
		{811D3CC0-448D-494A-9ABE-444E22ECD24E}.Debug|iPhone.Build.0 = Debug|iPhone
		{811D3CC0-448D-494A-9ABE-444E22ECD24E}.Debug|iPhone.Deploy.0 = Debug|iPhone
		{811D3CC0-448D-494A-9ABE-444E22ECD24E}.Debug|iPhoneSimulator.ActiveCfg = Debug|iPhoneSimulator
		{811D3CC0-448D-494A-9ABE-444E22ECD24E}.Debug|iPhoneSimulator.Build.0 = Debug|iPhoneSimulator
		{811D3CC0-448D-494A-9ABE-444E22ECD24E}.Debug|iPhoneSimulator.Deploy.0 = Debug|iPhoneSimulator
		{811D3CC0-448D-494A-9ABE-444E22ECD24E}.Debug|x64.ActiveCfg = Debug|iPhone
		{811D3CC0-448D-494A-9ABE-444E22ECD24E}.Debug|x64.Build.0 = Debug|iPhone
		{811D3CC0-448D-494A-9ABE-444E22ECD24E}.Debug|x64.Deploy.0 = Debug|iPhone
		{811D3CC0-448D-494A-9ABE-444E22ECD24E}.Debug|x86.ActiveCfg = Debug|iPhone
		{811D3CC0-448D-494A-9ABE-444E22ECD24E}.Debug|x86.Build.0 = Debug|iPhone
		{811D3CC0-448D-494A-9ABE-444E22ECD24E}.Debug|x86.Deploy.0 = Debug|iPhone
		{811D3CC0-448D-494A-9ABE-444E22ECD24E}.Release|Any CPU.ActiveCfg = Release|iPhone
		{811D3CC0-448D-494A-9ABE-444E22ECD24E}.Release|Any CPU.Build.0 = Release|iPhone
		{811D3CC0-448D-494A-9ABE-444E22ECD24E}.Release|Any CPU.Deploy.0 = Release|iPhone
		{811D3CC0-448D-494A-9ABE-444E22ECD24E}.Release|ARM.ActiveCfg = Release|iPhone
		{811D3CC0-448D-494A-9ABE-444E22ECD24E}.Release|ARM.Build.0 = Release|iPhone
		{811D3CC0-448D-494A-9ABE-444E22ECD24E}.Release|ARM.Deploy.0 = Release|iPhone
		{811D3CC0-448D-494A-9ABE-444E22ECD24E}.Release|iPhone.ActiveCfg = Release|iPhone
		{811D3CC0-448D-494A-9ABE-444E22ECD24E}.Release|iPhone.Build.0 = Release|iPhone
		{811D3CC0-448D-494A-9ABE-444E22ECD24E}.Release|iPhone.Deploy.0 = Release|iPhone
		{811D3CC0-448D-494A-9ABE-444E22ECD24E}.Release|iPhoneSimulator.ActiveCfg = Release|iPhoneSimulator
		{811D3CC0-448D-494A-9ABE-444E22ECD24E}.Release|iPhoneSimulator.Build.0 = Release|iPhoneSimulator
		{811D3CC0-448D-494A-9ABE-444E22ECD24E}.Release|iPhoneSimulator.Deploy.0 = Release|iPhoneSimulator
		{811D3CC0-448D-494A-9ABE-444E22ECD24E}.Release|x64.ActiveCfg = Release|iPhone
		{811D3CC0-448D-494A-9ABE-444E22ECD24E}.Release|x64.Build.0 = Release|iPhone
		{811D3CC0-448D-494A-9ABE-444E22ECD24E}.Release|x64.Deploy.0 = Release|iPhone
		{811D3CC0-448D-494A-9ABE-444E22ECD24E}.Release|x86.ActiveCfg = Release|iPhone
		{811D3CC0-448D-494A-9ABE-444E22ECD24E}.Release|x86.Build.0 = Release|iPhone
		{811D3CC0-448D-494A-9ABE-444E22ECD24E}.Release|x86.Deploy.0 = Release|iPhone
		{328CBC9B-1B83-4B98-B3D4-08322F3DAA7C}.Ad-Hoc|Any CPU.ActiveCfg = Release|x86
		{328CBC9B-1B83-4B98-B3D4-08322F3DAA7C}.Ad-Hoc|Any CPU.Build.0 = Release|x86
		{328CBC9B-1B83-4B98-B3D4-08322F3DAA7C}.Ad-Hoc|Any CPU.Deploy.0 = Release|x86
		{328CBC9B-1B83-4B98-B3D4-08322F3DAA7C}.Ad-Hoc|ARM.ActiveCfg = Release|ARM
		{328CBC9B-1B83-4B98-B3D4-08322F3DAA7C}.Ad-Hoc|ARM.Build.0 = Release|ARM
		{328CBC9B-1B83-4B98-B3D4-08322F3DAA7C}.Ad-Hoc|ARM.Deploy.0 = Release|ARM
		{328CBC9B-1B83-4B98-B3D4-08322F3DAA7C}.Ad-Hoc|iPhone.ActiveCfg = Release|x86
		{328CBC9B-1B83-4B98-B3D4-08322F3DAA7C}.Ad-Hoc|iPhone.Build.0 = Release|x86
		{328CBC9B-1B83-4B98-B3D4-08322F3DAA7C}.Ad-Hoc|iPhone.Deploy.0 = Release|x86
		{328CBC9B-1B83-4B98-B3D4-08322F3DAA7C}.Ad-Hoc|iPhoneSimulator.ActiveCfg = Release|x86
		{328CBC9B-1B83-4B98-B3D4-08322F3DAA7C}.Ad-Hoc|iPhoneSimulator.Build.0 = Release|x86
		{328CBC9B-1B83-4B98-B3D4-08322F3DAA7C}.Ad-Hoc|iPhoneSimulator.Deploy.0 = Release|x86
		{328CBC9B-1B83-4B98-B3D4-08322F3DAA7C}.Ad-Hoc|x64.ActiveCfg = Release|x64
		{328CBC9B-1B83-4B98-B3D4-08322F3DAA7C}.Ad-Hoc|x64.Build.0 = Release|x64
		{328CBC9B-1B83-4B98-B3D4-08322F3DAA7C}.Ad-Hoc|x64.Deploy.0 = Release|x64
		{328CBC9B-1B83-4B98-B3D4-08322F3DAA7C}.Ad-Hoc|x86.ActiveCfg = Release|x86
		{328CBC9B-1B83-4B98-B3D4-08322F3DAA7C}.Ad-Hoc|x86.Build.0 = Release|x86
		{328CBC9B-1B83-4B98-B3D4-08322F3DAA7C}.Ad-Hoc|x86.Deploy.0 = Release|x86
		{328CBC9B-1B83-4B98-B3D4-08322F3DAA7C}.AppStore|Any CPU.ActiveCfg = Release|x86
		{328CBC9B-1B83-4B98-B3D4-08322F3DAA7C}.AppStore|Any CPU.Build.0 = Release|x86
		{328CBC9B-1B83-4B98-B3D4-08322F3DAA7C}.AppStore|Any CPU.Deploy.0 = Release|x86
		{328CBC9B-1B83-4B98-B3D4-08322F3DAA7C}.AppStore|ARM.ActiveCfg = Release|ARM
		{328CBC9B-1B83-4B98-B3D4-08322F3DAA7C}.AppStore|ARM.Build.0 = Release|ARM
		{328CBC9B-1B83-4B98-B3D4-08322F3DAA7C}.AppStore|ARM.Deploy.0 = Release|ARM
		{328CBC9B-1B83-4B98-B3D4-08322F3DAA7C}.AppStore|iPhone.ActiveCfg = Release|x86
		{328CBC9B-1B83-4B98-B3D4-08322F3DAA7C}.AppStore|iPhone.Build.0 = Release|x86
		{328CBC9B-1B83-4B98-B3D4-08322F3DAA7C}.AppStore|iPhone.Deploy.0 = Release|x86
		{328CBC9B-1B83-4B98-B3D4-08322F3DAA7C}.AppStore|iPhoneSimulator.ActiveCfg = Release|x86
		{328CBC9B-1B83-4B98-B3D4-08322F3DAA7C}.AppStore|iPhoneSimulator.Build.0 = Release|x86
		{328CBC9B-1B83-4B98-B3D4-08322F3DAA7C}.AppStore|iPhoneSimulator.Deploy.0 = Release|x86
		{328CBC9B-1B83-4B98-B3D4-08322F3DAA7C}.AppStore|x64.ActiveCfg = Release|x64
		{328CBC9B-1B83-4B98-B3D4-08322F3DAA7C}.AppStore|x64.Build.0 = Release|x64
		{328CBC9B-1B83-4B98-B3D4-08322F3DAA7C}.AppStore|x64.Deploy.0 = Release|x64
		{328CBC9B-1B83-4B98-B3D4-08322F3DAA7C}.AppStore|x86.ActiveCfg = Release|x86
		{328CBC9B-1B83-4B98-B3D4-08322F3DAA7C}.AppStore|x86.Build.0 = Release|x86
		{328CBC9B-1B83-4B98-B3D4-08322F3DAA7C}.AppStore|x86.Deploy.0 = Release|x86
		{328CBC9B-1B83-4B98-B3D4-08322F3DAA7C}.Debug|Any CPU.ActiveCfg = Debug|x86
		{328CBC9B-1B83-4B98-B3D4-08322F3DAA7C}.Debug|Any CPU.Build.0 = Debug|x86
		{328CBC9B-1B83-4B98-B3D4-08322F3DAA7C}.Debug|Any CPU.Deploy.0 = Debug|x86
		{328CBC9B-1B83-4B98-B3D4-08322F3DAA7C}.Debug|ARM.ActiveCfg = Debug|ARM
		{328CBC9B-1B83-4B98-B3D4-08322F3DAA7C}.Debug|ARM.Build.0 = Debug|ARM
		{328CBC9B-1B83-4B98-B3D4-08322F3DAA7C}.Debug|ARM.Deploy.0 = Debug|ARM
		{328CBC9B-1B83-4B98-B3D4-08322F3DAA7C}.Debug|iPhone.ActiveCfg = Debug|x86
		{328CBC9B-1B83-4B98-B3D4-08322F3DAA7C}.Debug|iPhone.Build.0 = Debug|x86
		{328CBC9B-1B83-4B98-B3D4-08322F3DAA7C}.Debug|iPhone.Deploy.0 = Debug|x86
		{328CBC9B-1B83-4B98-B3D4-08322F3DAA7C}.Debug|iPhoneSimulator.ActiveCfg = Debug|x86
		{328CBC9B-1B83-4B98-B3D4-08322F3DAA7C}.Debug|iPhoneSimulator.Build.0 = Debug|x86
		{328CBC9B-1B83-4B98-B3D4-08322F3DAA7C}.Debug|iPhoneSimulator.Deploy.0 = Debug|x86
		{328CBC9B-1B83-4B98-B3D4-08322F3DAA7C}.Debug|x64.ActiveCfg = Debug|x64
		{328CBC9B-1B83-4B98-B3D4-08322F3DAA7C}.Debug|x64.Build.0 = Debug|x64
		{328CBC9B-1B83-4B98-B3D4-08322F3DAA7C}.Debug|x64.Deploy.0 = Debug|x64
		{328CBC9B-1B83-4B98-B3D4-08322F3DAA7C}.Debug|x86.ActiveCfg = Debug|x86
		{328CBC9B-1B83-4B98-B3D4-08322F3DAA7C}.Debug|x86.Build.0 = Debug|x86
		{328CBC9B-1B83-4B98-B3D4-08322F3DAA7C}.Debug|x86.Deploy.0 = Debug|x86
		{328CBC9B-1B83-4B98-B3D4-08322F3DAA7C}.Release|Any CPU.ActiveCfg = Release|x86
		{328CBC9B-1B83-4B98-B3D4-08322F3DAA7C}.Release|Any CPU.Build.0 = Release|x86
		{328CBC9B-1B83-4B98-B3D4-08322F3DAA7C}.Release|Any CPU.Deploy.0 = Release|x86
		{328CBC9B-1B83-4B98-B3D4-08322F3DAA7C}.Release|ARM.ActiveCfg = Release|ARM
		{328CBC9B-1B83-4B98-B3D4-08322F3DAA7C}.Release|ARM.Build.0 = Release|ARM
		{328CBC9B-1B83-4B98-B3D4-08322F3DAA7C}.Release|ARM.Deploy.0 = Release|ARM
		{328CBC9B-1B83-4B98-B3D4-08322F3DAA7C}.Release|iPhone.ActiveCfg = Release|x86
		{328CBC9B-1B83-4B98-B3D4-08322F3DAA7C}.Release|iPhone.Build.0 = Release|x86
		{328CBC9B-1B83-4B98-B3D4-08322F3DAA7C}.Release|iPhone.Deploy.0 = Release|x86
		{328CBC9B-1B83-4B98-B3D4-08322F3DAA7C}.Release|iPhoneSimulator.ActiveCfg = Release|x86
		{328CBC9B-1B83-4B98-B3D4-08322F3DAA7C}.Release|iPhoneSimulator.Build.0 = Release|x86
		{328CBC9B-1B83-4B98-B3D4-08322F3DAA7C}.Release|iPhoneSimulator.Deploy.0 = Release|x86
		{328CBC9B-1B83-4B98-B3D4-08322F3DAA7C}.Release|x64.ActiveCfg = Release|x64
		{328CBC9B-1B83-4B98-B3D4-08322F3DAA7C}.Release|x64.Build.0 = Release|x64
		{328CBC9B-1B83-4B98-B3D4-08322F3DAA7C}.Release|x64.Deploy.0 = Release|x64
		{328CBC9B-1B83-4B98-B3D4-08322F3DAA7C}.Release|x86.ActiveCfg = Release|x86
		{328CBC9B-1B83-4B98-B3D4-08322F3DAA7C}.Release|x86.Build.0 = Release|x86
		{328CBC9B-1B83-4B98-B3D4-08322F3DAA7C}.Release|x86.Deploy.0 = Release|x86
		{D358027C-9C76-4CAD-91BF-5EFEAF1F71CF}.Ad-Hoc|Any CPU.ActiveCfg = Debug|Any CPU
		{D358027C-9C76-4CAD-91BF-5EFEAF1F71CF}.Ad-Hoc|Any CPU.Build.0 = Debug|Any CPU
		{D358027C-9C76-4CAD-91BF-5EFEAF1F71CF}.Ad-Hoc|Any CPU.Deploy.0 = Debug|Any CPU
		{D358027C-9C76-4CAD-91BF-5EFEAF1F71CF}.Ad-Hoc|ARM.ActiveCfg = Debug|Any CPU
		{D358027C-9C76-4CAD-91BF-5EFEAF1F71CF}.Ad-Hoc|ARM.Build.0 = Debug|Any CPU
		{D358027C-9C76-4CAD-91BF-5EFEAF1F71CF}.Ad-Hoc|ARM.Deploy.0 = Debug|Any CPU
		{D358027C-9C76-4CAD-91BF-5EFEAF1F71CF}.Ad-Hoc|iPhone.ActiveCfg = Debug|Any CPU
		{D358027C-9C76-4CAD-91BF-5EFEAF1F71CF}.Ad-Hoc|iPhone.Build.0 = Debug|Any CPU
		{D358027C-9C76-4CAD-91BF-5EFEAF1F71CF}.Ad-Hoc|iPhone.Deploy.0 = Debug|Any CPU
		{D358027C-9C76-4CAD-91BF-5EFEAF1F71CF}.Ad-Hoc|iPhoneSimulator.ActiveCfg = Debug|Any CPU
		{D358027C-9C76-4CAD-91BF-5EFEAF1F71CF}.Ad-Hoc|iPhoneSimulator.Build.0 = Debug|Any CPU
		{D358027C-9C76-4CAD-91BF-5EFEAF1F71CF}.Ad-Hoc|iPhoneSimulator.Deploy.0 = Debug|Any CPU
		{D358027C-9C76-4CAD-91BF-5EFEAF1F71CF}.Ad-Hoc|x64.ActiveCfg = Debug|Any CPU
		{D358027C-9C76-4CAD-91BF-5EFEAF1F71CF}.Ad-Hoc|x64.Build.0 = Debug|Any CPU
		{D358027C-9C76-4CAD-91BF-5EFEAF1F71CF}.Ad-Hoc|x64.Deploy.0 = Debug|Any CPU
		{D358027C-9C76-4CAD-91BF-5EFEAF1F71CF}.Ad-Hoc|x86.ActiveCfg = Debug|Any CPU
		{D358027C-9C76-4CAD-91BF-5EFEAF1F71CF}.Ad-Hoc|x86.Build.0 = Debug|Any CPU
		{D358027C-9C76-4CAD-91BF-5EFEAF1F71CF}.Ad-Hoc|x86.Deploy.0 = Debug|Any CPU
		{D358027C-9C76-4CAD-91BF-5EFEAF1F71CF}.AppStore|Any CPU.ActiveCfg = Debug|Any CPU
		{D358027C-9C76-4CAD-91BF-5EFEAF1F71CF}.AppStore|Any CPU.Build.0 = Debug|Any CPU
		{D358027C-9C76-4CAD-91BF-5EFEAF1F71CF}.AppStore|Any CPU.Deploy.0 = Debug|Any CPU
		{D358027C-9C76-4CAD-91BF-5EFEAF1F71CF}.AppStore|ARM.ActiveCfg = Debug|Any CPU
		{D358027C-9C76-4CAD-91BF-5EFEAF1F71CF}.AppStore|ARM.Build.0 = Debug|Any CPU
		{D358027C-9C76-4CAD-91BF-5EFEAF1F71CF}.AppStore|ARM.Deploy.0 = Debug|Any CPU
		{D358027C-9C76-4CAD-91BF-5EFEAF1F71CF}.AppStore|iPhone.ActiveCfg = Debug|Any CPU
		{D358027C-9C76-4CAD-91BF-5EFEAF1F71CF}.AppStore|iPhone.Build.0 = Debug|Any CPU
		{D358027C-9C76-4CAD-91BF-5EFEAF1F71CF}.AppStore|iPhone.Deploy.0 = Debug|Any CPU
		{D358027C-9C76-4CAD-91BF-5EFEAF1F71CF}.AppStore|iPhoneSimulator.ActiveCfg = Debug|Any CPU
		{D358027C-9C76-4CAD-91BF-5EFEAF1F71CF}.AppStore|iPhoneSimulator.Build.0 = Debug|Any CPU
		{D358027C-9C76-4CAD-91BF-5EFEAF1F71CF}.AppStore|iPhoneSimulator.Deploy.0 = Debug|Any CPU
		{D358027C-9C76-4CAD-91BF-5EFEAF1F71CF}.AppStore|x64.ActiveCfg = Debug|Any CPU
		{D358027C-9C76-4CAD-91BF-5EFEAF1F71CF}.AppStore|x64.Build.0 = Debug|Any CPU
		{D358027C-9C76-4CAD-91BF-5EFEAF1F71CF}.AppStore|x64.Deploy.0 = Debug|Any CPU
		{D358027C-9C76-4CAD-91BF-5EFEAF1F71CF}.AppStore|x86.ActiveCfg = Debug|Any CPU
		{D358027C-9C76-4CAD-91BF-5EFEAF1F71CF}.AppStore|x86.Build.0 = Debug|Any CPU
		{D358027C-9C76-4CAD-91BF-5EFEAF1F71CF}.AppStore|x86.Deploy.0 = Debug|Any CPU
		{D358027C-9C76-4CAD-91BF-5EFEAF1F71CF}.Debug|Any CPU.ActiveCfg = Debug|Any CPU
		{D358027C-9C76-4CAD-91BF-5EFEAF1F71CF}.Debug|Any CPU.Build.0 = Debug|Any CPU
		{D358027C-9C76-4CAD-91BF-5EFEAF1F71CF}.Debug|Any CPU.Deploy.0 = Debug|Any CPU
		{D358027C-9C76-4CAD-91BF-5EFEAF1F71CF}.Debug|ARM.ActiveCfg = Debug|Any CPU
		{D358027C-9C76-4CAD-91BF-5EFEAF1F71CF}.Debug|ARM.Build.0 = Debug|Any CPU
		{D358027C-9C76-4CAD-91BF-5EFEAF1F71CF}.Debug|ARM.Deploy.0 = Debug|Any CPU
		{D358027C-9C76-4CAD-91BF-5EFEAF1F71CF}.Debug|iPhone.ActiveCfg = Debug|Any CPU
		{D358027C-9C76-4CAD-91BF-5EFEAF1F71CF}.Debug|iPhone.Build.0 = Debug|Any CPU
		{D358027C-9C76-4CAD-91BF-5EFEAF1F71CF}.Debug|iPhone.Deploy.0 = Debug|Any CPU
		{D358027C-9C76-4CAD-91BF-5EFEAF1F71CF}.Debug|iPhoneSimulator.ActiveCfg = Debug|Any CPU
		{D358027C-9C76-4CAD-91BF-5EFEAF1F71CF}.Debug|iPhoneSimulator.Build.0 = Debug|Any CPU
		{D358027C-9C76-4CAD-91BF-5EFEAF1F71CF}.Debug|iPhoneSimulator.Deploy.0 = Debug|Any CPU
		{D358027C-9C76-4CAD-91BF-5EFEAF1F71CF}.Debug|x64.ActiveCfg = Debug|Any CPU
		{D358027C-9C76-4CAD-91BF-5EFEAF1F71CF}.Debug|x64.Build.0 = Debug|Any CPU
		{D358027C-9C76-4CAD-91BF-5EFEAF1F71CF}.Debug|x64.Deploy.0 = Debug|Any CPU
		{D358027C-9C76-4CAD-91BF-5EFEAF1F71CF}.Debug|x86.ActiveCfg = Debug|Any CPU
		{D358027C-9C76-4CAD-91BF-5EFEAF1F71CF}.Debug|x86.Build.0 = Debug|Any CPU
		{D358027C-9C76-4CAD-91BF-5EFEAF1F71CF}.Debug|x86.Deploy.0 = Debug|Any CPU
		{D358027C-9C76-4CAD-91BF-5EFEAF1F71CF}.Release|Any CPU.ActiveCfg = Release|Any CPU
		{D358027C-9C76-4CAD-91BF-5EFEAF1F71CF}.Release|Any CPU.Build.0 = Release|Any CPU
		{D358027C-9C76-4CAD-91BF-5EFEAF1F71CF}.Release|Any CPU.Deploy.0 = Release|Any CPU
		{D358027C-9C76-4CAD-91BF-5EFEAF1F71CF}.Release|ARM.ActiveCfg = Release|Any CPU
		{D358027C-9C76-4CAD-91BF-5EFEAF1F71CF}.Release|ARM.Build.0 = Release|Any CPU
		{D358027C-9C76-4CAD-91BF-5EFEAF1F71CF}.Release|ARM.Deploy.0 = Release|Any CPU
		{D358027C-9C76-4CAD-91BF-5EFEAF1F71CF}.Release|iPhone.ActiveCfg = Release|Any CPU
		{D358027C-9C76-4CAD-91BF-5EFEAF1F71CF}.Release|iPhone.Build.0 = Release|Any CPU
		{D358027C-9C76-4CAD-91BF-5EFEAF1F71CF}.Release|iPhone.Deploy.0 = Release|Any CPU
		{D358027C-9C76-4CAD-91BF-5EFEAF1F71CF}.Release|iPhoneSimulator.ActiveCfg = Release|Any CPU
		{D358027C-9C76-4CAD-91BF-5EFEAF1F71CF}.Release|iPhoneSimulator.Build.0 = Release|Any CPU
		{D358027C-9C76-4CAD-91BF-5EFEAF1F71CF}.Release|iPhoneSimulator.Deploy.0 = Release|Any CPU
		{D358027C-9C76-4CAD-91BF-5EFEAF1F71CF}.Release|x64.ActiveCfg = Release|Any CPU
		{D358027C-9C76-4CAD-91BF-5EFEAF1F71CF}.Release|x64.Build.0 = Release|Any CPU
		{D358027C-9C76-4CAD-91BF-5EFEAF1F71CF}.Release|x64.Deploy.0 = Release|Any CPU
		{D358027C-9C76-4CAD-91BF-5EFEAF1F71CF}.Release|x86.ActiveCfg = Release|Any CPU
		{D358027C-9C76-4CAD-91BF-5EFEAF1F71CF}.Release|x86.Build.0 = Release|Any CPU
		{D358027C-9C76-4CAD-91BF-5EFEAF1F71CF}.Release|x86.Deploy.0 = Release|Any CPU
	EndGlobalSection
	GlobalSection(SolutionProperties) = preSolution
		HideSolutionNode = FALSE
	EndGlobalSection
	GlobalSection(ExtensibilityGlobals) = postSolution
		SolutionGuid = {92D5444A-048D-4C74-89C4-38254C7F47A8}
	EndGlobalSection
EndGlobal
